// !$*UTF8*$!
{
	archiveVersion = 1;
	classes = {
	};
	objectVersion = 50;
	objects = {

/* Begin PBXBuildFile section */
		CC39C11C276D5F2500711C62 /* AppDelegate.swift in Sources */ = {isa = PBXBuildFile; fileRef = CC39C11B276D5F2500711C62 /* AppDelegate.swift */; };
		CC39C11E276D5F2500711C62 /* SceneDelegate.swift in Sources */ = {isa = PBXBuildFile; fileRef = CC39C11D276D5F2500711C62 /* SceneDelegate.swift */; };
		CC39C120276D5F2500711C62 /* ViewController.swift in Sources */ = {isa = PBXBuildFile; fileRef = CC39C11F276D5F2500711C62 /* ViewController.swift */; };
		CC39C123276D5F2500711C62 /* Main.storyboard in Resources */ = {isa = PBXBuildFile; fileRef = CC39C121276D5F2500711C62 /* Main.storyboard */; };
		CC39C125276D5F3100711C62 /* Assets.xcassets in Resources */ = {isa = PBXBuildFile; fileRef = CC39C124276D5F3100711C62 /* Assets.xcassets */; };
		CC39C128276D5F3100711C62 /* LaunchScreen.storyboard in Resources */ = {isa = PBXBuildFile; fileRef = CC39C126276D5F3100711C62 /* LaunchScreen.storyboard */; };
		CCD1F02C277253C700A1DD92 /* Refeicao.swift in Sources */ = {isa = PBXBuildFile; fileRef = CCD1F02B277253C700A1DD92 /* Refeicao.swift */; };
		CCD1F02F2772546800A1DD92 /* Item.swift in Sources */ = {isa = PBXBuildFile; fileRef = CCD1F02E2772546800A1DD92 /* Item.swift */; };
/* End PBXBuildFile section */

/* Begin PBXFileReference section */
		CC114509276EA1B900797181 /* MyPlayground.playground */ = {isa = PBXFileReference; lastKnownFileType = file.playground; name = MyPlayground.playground; path = "../../../../Library/Autosave Information/MyPlayground.playground"; sourceTree = "<group>"; xcLanguageSpecificationIdentifier = xcode.lang.swift; };
		CC39C118276D5F2500711C62 /* eggplant.brownie.app */ = {isa = PBXFileReference; explicitFileType = wrapper.application; includeInIndex = 0; path = eggplant.brownie.app; sourceTree = BUILT_PRODUCTS_DIR; };
		CC39C11B276D5F2500711C62 /* AppDelegate.swift */ = {isa = PBXFileReference; lastKnownFileType = sourcecode.swift; path = AppDelegate.swift; sourceTree = "<group>"; };
		CC39C11D276D5F2500711C62 /* SceneDelegate.swift */ = {isa = PBXFileReference; lastKnownFileType = sourcecode.swift; path = SceneDelegate.swift; sourceTree = "<group>"; };
		CC39C11F276D5F2500711C62 /* ViewController.swift */ = {isa = PBXFileReference; lastKnownFileType = sourcecode.swift; path = ViewController.swift; sourceTree = "<group>"; };
		CC39C122276D5F2500711C62 /* Base */ = {isa = PBXFileReference; lastKnownFileType = file.storyboard; name = Base; path = Base.lproj/Main.storyboard; sourceTree = "<group>"; };
		CC39C124276D5F3100711C62 /* Assets.xcassets */ = {isa = PBXFileReference; lastKnownFileType = folder.assetcatalog; path = Assets.xcassets; sourceTree = "<group>"; };
		CC39C127276D5F3100711C62 /* Base */ = {isa = PBXFileReference; lastKnownFileType = file.storyboard; name = Base; path = Base.lproj/LaunchScreen.storyboard; sourceTree = "<group>"; };
		CC39C129276D5F3100711C62 /* Info.plist */ = {isa = PBXFileReference; lastKnownFileType = text.plist.xml; path = Info.plist; sourceTree = "<group>"; };
		CCD1F02B277253C700A1DD92 /* Refeicao.swift */ = {isa = PBXFileReference; lastKnownFileType = sourcecode.swift; path = Refeicao.swift; sourceTree = "<group>"; };
		CCD1F02E2772546800A1DD92 /* Item.swift */ = {isa = PBXFileReference; lastKnownFileType = sourcecode.swift; path = Item.swift; sourceTree = "<group>"; };
/* End PBXFileReference section */

/* Begin PBXFrameworksBuildPhase section */
		CC39C115276D5F2500711C62 /* Frameworks */ = {
			isa = PBXFrameworksBuildPhase;
			buildActionMask = 2147483647;
			files = (
			);
			runOnlyForDeploymentPostprocessing = 0;
		};
/* End PBXFrameworksBuildPhase section */

/* Begin PBXGroup section */
		CC39C10F276D5F2400711C62 = {
			isa = PBXGroup;
			children = (
				CC39C11A276D5F2500711C62 /* eggplant.brownie */,
				CC39C119276D5F2500711C62 /* Products */,
			);
			sourceTree = "<group>";
		};
		CC39C119276D5F2500711C62 /* Products */ = {
			isa = PBXGroup;
			children = (
				CC39C118276D5F2500711C62 /* eggplant.brownie.app */,
			);
			name = Products;
			sourceTree = "<group>";
		};
		CC39C11A276D5F2500711C62 /* eggplant.brownie */ = {
			isa = PBXGroup;
			children = (
				CC39C11B276D5F2500711C62 /* AppDelegate.swift */,
				CC39C11D276D5F2500711C62 /* SceneDelegate.swift */,
				CCD1F033277254F600A1DD92 /* Models */,
				CCD1F0372772555300A1DD92 /* Views */,
				CCD1F0342772551A00A1DD92 /* Controllers */,
				CC39C124276D5F3100711C62 /* Assets.xcassets */,
				CC114509276EA1B900797181 /* MyPlayground.playground */,
				CC39C126276D5F3100711C62 /* LaunchScreen.storyboard */,
				CC39C129276D5F3100711C62 /* Info.plist */,
			);
			path = eggplant.brownie;
			sourceTree = "<group>";
		};
		CCD1F033277254F600A1DD92 /* Models */ = {
			isa = PBXGroup;
			children = (
				CCD1F02B277253C700A1DD92 /* Refeicao.swift */,
				CCD1F02E2772546800A1DD92 /* Item.swift */,
			);
			path = Models;
			sourceTree = "<group>";
		};
		CCD1F0342772551A00A1DD92 /* Controllers */ = {
			isa = PBXGroup;
			children = (
				CC39C11F276D5F2500711C62 /* ViewController.swift */,
			);
			path = Controllers;
			sourceTree = "<group>";
		};
		CCD1F0372772555300A1DD92 /* Views */ = {
			isa = PBXGroup;
			children = (
				CC39C121276D5F2500711C62 /* Main.storyboard */,
			);
			path = Views;
			sourceTree = "<group>";
		};
/* End PBXGroup section */

/* Begin PBXNativeTarget section */
		CC39C117276D5F2500711C62 /* eggplant.brownie */ = {
			isa = PBXNativeTarget;
			buildConfigurationList = CC39C12C276D5F3100711C62 /* Build configuration list for PBXNativeTarget "eggplant.brownie" */;
			buildPhases = (
				CC39C114276D5F2500711C62 /* Sources */,
				CC39C115276D5F2500711C62 /* Frameworks */,
				CC39C116276D5F2500711C62 /* Resources */,
			);
			buildRules = (
			);
			dependencies = (
			);
			name = eggplant.brownie;
			productName = eggplant.brownie;
			productReference = CC39C118276D5F2500711C62 /* eggplant.brownie.app */;
			productType = "com.apple.product-type.application";
		};
/* End PBXNativeTarget section */

/* Begin PBXProject section */
		CC39C110276D5F2400711C62 /* Project object */ = {
			isa = PBXProject;
			attributes = {
				LastSwiftUpdateCheck = 1240;
				LastUpgradeCheck = 1240;
				TargetAttributes = {
					CC39C117276D5F2500711C62 = {
						CreatedOnToolsVersion = 12.4;
					};
				};
			};
			buildConfigurationList = CC39C113276D5F2400711C62 /* Build configuration list for PBXProject "eggplant.brownie" */;
			compatibilityVersion = "Xcode 9.3";
			developmentRegion = en;
			hasScannedForEncodings = 0;
			knownRegions = (
				en,
				Base,
			);
			mainGroup = CC39C10F276D5F2400711C62;
			productRefGroup = CC39C119276D5F2500711C62 /* Products */;
			projectDirPath = "";
			projectRoot = "";
			targets = (
				CC39C117276D5F2500711C62 /* eggplant.brownie */,
			);
		};
/* End PBXProject section */

/* Begin PBXResourcesBuildPhase section */
		CC39C116276D5F2500711C62 /* Resources */ = {
			isa = PBXResourcesBuildPhase;
			buildActionMask = 2147483647;
			files = (
				CC39C128276D5F3100711C62 /* LaunchScreen.storyboard in Resources */,
				CC39C125276D5F3100711C62 /* Assets.xcassets in Resources */,
				CC39C123276D5F2500711C62 /* Main.storyboard in Resources */,
			);
			runOnlyForDeploymentPostprocessing = 0;
		};
/* End PBXResourcesBuildPhase section */

/* Begin PBXSourcesBuildPhase section */
		CC39C114276D5F2500711C62 /* Sources */ = {
			isa = PBXSourcesBuildPhase;
			buildActionMask = 2147483647;
			files = (
				CCD1F02F2772546800A1DD92 /* Item.swift in Sources */,
				CC39C120276D5F2500711C62 /* ViewController.swift in Sources */,
				CC39C11C276D5F2500711C62 /* AppDelegate.swift in Sources */,
				CC39C11E276D5F2500711C62 /* SceneDelegate.swift in Sources */,
				CCD1F02C277253C700A1DD92 /* Refeicao.swift in Sources */,
			);
			runOnlyForDeploymentPostprocessing = 0;
		};
/* End PBXSourcesBuildPhase section */

/* Begin PBXVariantGroup section */
		CC39C121276D5F2500711C62 /* Main.storyboard */ = {
			isa = PBXVariantGroup;
			children = (
				CC39C122276D5F2500711C62 /* Base */,
			);
			name = Main.storyboard;
			sourceTree = "<group>";
		};
		CC39C126276D5F3100711C62 /* LaunchScreen.storyboard */ = {
			isa = PBXVariantGroup;
			children = (
				CC39C127276D5F3100711C62 /* Base */,
			);
			name = LaunchScreen.storyboard;
			sourceTree = "<group>";
		};
/* End PBXVariantGroup section */

/* Begin XCBuildConfiguration section */
		CC39C12A276D5F3100711C62 /* Debug */ = {
			isa = XCBuildConfiguration;
			buildSettings = {
				ALWAYS_SEARCH_USER_PATHS = NO;
				CLANG_ANALYZER_NONNULL = YES;
				CLANG_ANALYZER_NUMBER_OBJECT_CONVERSION = YES_AGGRESSIVE;
				CLANG_CXX_LANGUAGE_STANDARD = "gnu++14";
				CLANG_CXX_LIBRARY = "libc++";
				CLANG_ENABLE_MODULES = YES;
				CLANG_ENABLE_OBJC_ARC = YES;
				CLANG_ENABLE_OBJC_WEAK = YES;
				CLANG_WARN_BLOCK_CAPTURE_AUTORELEASING = YES;
				CLANG_WARN_BOOL_CONVERSION = YES;
				CLANG_WARN_COMMA = YES;
				CLANG_WARN_CONSTANT_CONVERSION = YES;
				CLANG_WARN_DEPRECATED_OBJC_IMPLEMENTATIONS = YES;
				CLANG_WARN_DIRECT_OBJC_ISA_USAGE = YES_ERROR;
				CLANG_WARN_DOCUMENTATION_COMMENTS = YES;
				CLANG_WARN_EMPTY_BODY = YES;
				CLANG_WARN_ENUM_CONVERSION = YES;
				CLANG_WARN_INFINITE_RECURSION = YES;
				CLANG_WARN_INT_CONVERSION = YES;
				CLANG_WARN_NON_LITERAL_NULL_CONVERSION = YES;
				CLANG_WARN_OBJC_IMPLICIT_RETAIN_SELF = YES;
				CLANG_WARN_OBJC_LITERAL_CONVERSION = YES;
				CLANG_WARN_OBJC_ROOT_CLASS = YES_ERROR;
				CLANG_WARN_QUOTED_INCLUDE_IN_FRAMEWORK_HEADER = YES;
				CLANG_WARN_RANGE_LOOP_ANALYSIS = YES;
				CLANG_WARN_STRICT_PROTOTYPES = YES;
				CLANG_WARN_SUSPICIOUS_MOVE = YES;
				CLANG_WARN_UNGUARDED_AVAILABILITY = YES_AGGRESSIVE;
				CLANG_WARN_UNREACHABLE_CODE = YES;
				CLANG_WARN__DUPLICATE_METHOD_MATCH = YES;
				COPY_PHASE_STRIP = NO;
				DEBUG_INFORMATION_FORMAT = dwarf;
				ENABLE_STRICT_OBJC_MSGSEND = YES;
				ENABLE_TESTABILITY = YES;
				GCC_C_LANGUAGE_STANDARD = gnu11;
				GCC_DYNAMIC_NO_PIC = NO;
				GCC_NO_COMMON_BLOCKS = YES;
				GCC_OPTIMIZATION_LEVEL = 0;
				GCC_PREPROCESSOR_DEFINITIONS = (
					"DEBUG=1",
					"$(inherited)",
				);
				GCC_WARN_64_TO_32_BIT_CONVERSION = YES;
				GCC_WARN_ABOUT_RETURN_TYPE = YES_ERROR;
				GCC_WARN_UNDECLARED_SELECTOR = YES;
				GCC_WARN_UNINITIALIZED_AUTOS = YES_AGGRESSIVE;
				GCC_WARN_UNUSED_FUNCTION = YES;
				GCC_WARN_UNUSED_VARIABLE = YES;
				IPHONEOS_DEPLOYMENT_TARGET = 14.4;
				MTL_ENABLE_DEBUG_INFO = INCLUDE_SOURCE;
				MTL_FAST_MATH = YES;
				ONLY_ACTIVE_ARCH = YES;
				SDKROOT = iphoneos;
				SWIFT_ACTIVE_COMPILATION_CONDITIONS = DEBUG;
				SWIFT_OPTIMIZATION_LEVEL = "-Onone";
			};
			name = Debug;
		};
		CC39C12B276D5F3100711C62 /* Release */ = {
			isa = XCBuildConfiguration;
			buildSettings = {
				ALWAYS_SEARCH_USER_PATHS = NO;
				CLANG_ANALYZER_NONNULL = YES;
				CLANG_ANALYZER_NUMBER_OBJECT_CONVERSION = YES_AGGRESSIVE;
				CLANG_CXX_LANGUAGE_STANDARD = "gnu++14";
				CLANG_CXX_LIBRARY = "libc++";
				CLANG_ENABLE_MODULES = YES;
				CLANG_ENABLE_OBJC_ARC = YES;
				CLANG_ENABLE_OBJC_WEAK = YES;
				CLANG_WARN_BLOCK_CAPTURE_AUTORELEASING = YES;
				CLANG_WARN_BOOL_CONVERSION = YES;
				CLANG_WARN_COMMA = YES;
				CLANG_WARN_CONSTANT_CONVERSION = YES;
				CLANG_WARN_DEPRECATED_OBJC_IMPLEMENTATIONS = YES;
				CLANG_WARN_DIRECT_OBJC_ISA_USAGE = YES_ERROR;
				CLANG_WARN_DOCUMENTATION_COMMENTS = YES;
				CLANG_WARN_EMPTY_BODY = YES;
				CLANG_WARN_ENUM_CONVERSION = YES;
				CLANG_WARN_INFINITE_RECURSION = YES;
				CLANG_WARN_INT_CONVERSION = YES;
				CLANG_WARN_NON_LITERAL_NULL_CONVERSION = YES;
				CLANG_WARN_OBJC_IMPLICIT_RETAIN_SELF = YES;
				CLANG_WARN_OBJC_LITERAL_CONVERSION = YES;
				CLANG_WARN_OBJC_ROOT_CLASS = YES_ERROR;
				CLANG_WARN_QUOTED_INCLUDE_IN_FRAMEWORK_HEADER = YES;
				CLANG_WARN_RANGE_LOOP_ANALYSIS = YES;
				CLANG_WARN_STRICT_PROTOTYPES = YES;
				CLANG_WARN_SUSPICIOUS_MOVE = YES;
				CLANG_WARN_UNGUARDED_AVAILABILITY = YES_AGGRESSIVE;
				CLANG_WARN_UNREACHABLE_CODE = YES;
				CLANG_WARN__DUPLICATE_METHOD_MATCH = YES;
				COPY_PHASE_STRIP = NO;
				DEBUG_INFORMATION_FORMAT = "dwarf-with-dsym";
				ENABLE_NS_ASSERTIONS = NO;
				ENABLE_STRICT_OBJC_MSGSEND = YES;
				GCC_C_LANGUAGE_STANDARD = gnu11;
				GCC_NO_COMMON_BLOCKS = YES;
				GCC_WARN_64_TO_32_BIT_CONVERSION = YES;
				GCC_WARN_ABOUT_RETURN_TYPE = YES_ERROR;
				GCC_WARN_UNDECLARED_SELECTOR = YES;
				GCC_WARN_UNINITIALIZED_AUTOS = YES_AGGRESSIVE;
				GCC_WARN_UNUSED_FUNCTION = YES;
				GCC_WARN_UNUSED_VARIABLE = YES;
				IPHONEOS_DEPLOYMENT_TARGET = 14.4;
				MTL_ENABLE_DEBUG_INFO = NO;
				MTL_FAST_MATH = YES;
				SDKROOT = iphoneos;
				SWIFT_COMPILATION_MODE = wholemodule;
				SWIFT_OPTIMIZATION_LEVEL = "-O";
				VALIDATE_PRODUCT = YES;
			};
			name = Release;
		};
		CC39C12D276D5F3100711C62 /* Debug */ = {
			isa = XCBuildConfiguration;
			buildSettings = {
				ASSETCATALOG_COMPILER_APPICON_NAME = AppIcon;
				ASSETCATALOG_COMPILER_GLOBAL_ACCENT_COLOR_NAME = AccentColor;
				CODE_SIGN_STYLE = Automatic;
				INFOPLIST_FILE = eggplant.brownie/Info.plist;
				LD_RUNPATH_SEARCH_PATHS = (
					"$(inherited)",
					"@executable_path/Frameworks",
				);
				PRODUCT_BUNDLE_IDENTIFIER = "Porto.eggplant-brownie";
				PRODUCT_NAME = "$(TARGET_NAME)";
				SWIFT_VERSION = 5.0;
				TARGETED_DEVICE_FAMILY = "1,2";
			};
			name = Debug;
		};
		CC39C12E276D5F3100711C62 /* Release */ = {
			isa = XCBuildConfiguration;
			buildSettings = {
				ASSETCATALOG_COMPILER_APPICON_NAME = AppIcon;
				ASSETCATALOG_COMPILER_GLOBAL_ACCENT_COLOR_NAME = AccentColor;
				CODE_SIGN_STYLE = Automatic;
				INFOPLIST_FILE = eggplant.brownie/Info.plist;
				LD_RUNPATH_SEARCH_PATHS = (
					"$(inherited)",
					"@executable_path/Frameworks",
				);
				PRODUCT_BUNDLE_IDENTIFIER = "Porto.eggplant-brownie";
				PRODUCT_NAME = "$(TARGET_NAME)";
				SWIFT_VERSION = 5.0;
				TARGETED_DEVICE_FAMILY = "1,2";
			};
			name = Release;
		};
/* End XCBuildConfiguration section */

/* Begin XCConfigurationList section */
		CC39C113276D5F2400711C62 /* Build configuration list for PBXProject "eggplant.brownie" */ = {
			isa = XCConfigurationList;
			buildConfigurations = (
				CC39C12A276D5F3100711C62 /* Debug */,
				CC39C12B276D5F3100711C62 /* Release */,
			);
			defaultConfigurationIsVisible = 0;
			defaultConfigurationName = Release;
		};
		CC39C12C276D5F3100711C62 /* Build configuration list for PBXNativeTarget "eggplant.brownie" */ = {
			isa = XCConfigurationList;
			buildConfigurations = (
				CC39C12D276D5F3100711C62 /* Debug */,
				CC39C12E276D5F3100711C62 /* Release */,
			);
			defaultConfigurationIsVisible = 0;
			defaultConfigurationName = Release;
		};
/* End XCConfigurationList section */
	};
	rootObject = CC39C110276D5F2400711C62 /* Project object */;
}
